#MicroXplorer Configuration settings - do not modify
ADC1.Channel-4\#ChannelRegularConversion=ADC_CHANNEL_5
ADC1.IPParameters=Rank-4\#ChannelRegularConversion,Channel-4\#ChannelRegularConversion,SamplingTime-4\#ChannelRegularConversion,NbrOfConversionFlag,master
ADC1.NbrOfConversionFlag=1
ADC1.Rank-4\#ChannelRegularConversion=1
ADC1.SamplingTime-4\#ChannelRegularConversion=ADC_SAMPLETIME_1CYCLE_5
ADC1.master=1
CAD.formats=[]
CAD.pinconfig=Project naming
CAD.provider=
File.Version=6
GPIO.groupedBy=Group By Peripherals
KeepUserPlacement=false
Mcu.CPN=STM32F103VCT6
Mcu.Family=STM32F1
Mcu.IP0=ADC1
Mcu.IP1=NVIC
Mcu.IP10=USART3
Mcu.IP2=RCC
Mcu.IP3=SPI2
Mcu.IP4=SYS
Mcu.IP5=TIM2
Mcu.IP6=TIM3
Mcu.IP7=UART4
Mcu.IP8=USART1
Mcu.IP9=USART2
Mcu.IPNb=11
Mcu.Name=STM32F103V(C-D-E)Tx
Mcu.Package=LQFP100
Mcu.Pin0=OSC_IN
Mcu.Pin1=OSC_OUT
Mcu.Pin10=PB10
Mcu.Pin11=PB11
Mcu.Pin12=PB12
Mcu.Pin13=PB13
Mcu.Pin14=PB14
Mcu.Pin15=PB15
Mcu.Pin16=PD8
Mcu.Pin17=PD9
Mcu.Pin18=PD10
Mcu.Pin19=PD11
Mcu.Pin2=PA0-WKUP
Mcu.Pin20=PD12
Mcu.Pin21=PD13
Mcu.Pin22=PD14
Mcu.Pin23=PD15
Mcu.Pin24=PC9
Mcu.Pin25=PA8
Mcu.Pin26=PA9
Mcu.Pin27=PA10
Mcu.Pin28=PA13
Mcu.Pin29=PA14
Mcu.Pin3=PA1
Mcu.Pin30=PA15
Mcu.Pin31=PC10
Mcu.Pin32=PC11
Mcu.Pin33=PD5
Mcu.Pin34=PD6
Mcu.Pin35=PB3
Mcu.Pin36=PB4
Mcu.Pin37=PB5
Mcu.Pin38=PB6
Mcu.Pin39=PB7
Mcu.Pin4=PA2
Mcu.Pin40=VP_SYS_VS_Systick
Mcu.Pin41=VP_TIM2_VS_ClockSourceINT
Mcu.Pin42=VP_TIM3_VS_ClockSourceINT
Mcu.Pin5=PA3
Mcu.Pin6=PA4
Mcu.Pin7=PA5
Mcu.Pin8=PA6
Mcu.Pin9=PA7
Mcu.PinsNb=43
Mcu.ThirdPartyNb=0
Mcu.UserConstants=
Mcu.UserName=STM32F103VCTx
MxCube.Version=6.12.1
MxDb.Version=DB.6.0.121
NVIC.BusFault_IRQn=true\:0\:0\:false\:false\:true\:false\:false\:false
NVIC.DebugMonitor_IRQn=true\:0\:0\:false\:false\:true\:false\:false\:false
NVIC.ForceEnableDMAVector=true
NVIC.HardFault_IRQn=true\:0\:0\:false\:false\:true\:false\:false\:false
NVIC.MemoryManagement_IRQn=true\:0\:0\:false\:false\:true\:false\:false\:false
NVIC.NonMaskableInt_IRQn=true\:0\:0\:false\:false\:true\:false\:false\:false
NVIC.PendSV_IRQn=true\:0\:0\:false\:false\:true\:false\:false\:false
NVIC.PriorityGroup=NVIC_PRIORITYGROUP_4
NVIC.SVCall_IRQn=true\:0\:0\:false\:false\:true\:false\:false\:false
NVIC.SysTick_IRQn=true\:15\:0\:false\:false\:true\:false\:true\:false
NVIC.TIM2_IRQn=true\:0\:0\:false\:false\:true\:true\:true\:true
NVIC.UsageFault_IRQn=true\:0\:0\:false\:false\:true\:false\:false\:false
OSC_IN.Mode=HSE-External-Oscillator
OSC_IN.Signal=RCC_OSC_IN
OSC_OUT.Mode=HSE-External-Oscillator
OSC_OUT.Signal=RCC_OSC_OUT
PA0-WKUP.Signal=ADCx_IN0
PA1.Signal=ADCx_IN1
PA10.Mode=Asynchronous
PA10.Signal=USART1_RX
PA13.Mode=JTAG_5_pins
PA13.Signal=SYS_JTMS-SWDIO
PA14.Mode=JTAG_5_pins
PA14.Signal=SYS_JTCK-SWCLK
PA15.Mode=JTAG_5_pins
PA15.Signal=SYS_JTDI
PA2.Signal=ADCx_IN2
PA3.Signal=ADCx_IN3
PA4.Signal=ADCx_IN4
PA5.Signal=ADCx_IN5
PA6.Signal=ADCx_IN6
PA7.Signal=ADCx_IN7
PA8.GPIOParameters=GPIO_Label
PA8.GPIO_Label=W5500_INTn
PA8.Locked=true
PA8.Signal=GPIO_Input
PA9.Mode=Asynchronous
PA9.Signal=USART1_TX
PB10.Mode=Asynchronous
PB10.Signal=USART3_TX
PB11.Mode=Asynchronous
PB11.Signal=USART3_RX
PB12.GPIOParameters=GPIO_Label
PB12.GPIO_Label=W5500_SCSn
PB12.Locked=true
PB12.Signal=GPIO_Output
PB13.GPIOParameters=GPIO_Label
PB13.GPIO_Label=W5500_SCLK
PB13.Mode=Full_Duplex_Master
PB13.Signal=SPI2_SCK
PB14.GPIOParameters=GPIO_Label
PB14.GPIO_Label=W5500_MISO
PB14.Mode=Full_Duplex_Master
PB14.Signal=SPI2_MISO
PB15.GPIOParameters=GPIO_Label
PB15.GPIO_Label=W5500_MOSI
PB15.Mode=Full_Duplex_Master
PB15.Signal=SPI2_MOSI
PB3.Mode=JTAG_5_pins
PB3.Signal=SYS_JTDO-TRACESWO
PB4.Mode=JTAG_5_pins
PB4.Signal=SYS_NJTRST
PB5.GPIOParameters=GPIO_Label
PB5.GPIO_Label=W5500_PMODE0
PB5.Locked=true
PB5.Signal=GPIO_Output
PB6.GPIOParameters=GPIO_Label
PB6.GPIO_Label=W5500_PMODE1
PB6.Locked=true
PB6.Signal=GPIO_Output
PB7.GPIOParameters=GPIO_Label
PB7.GPIO_Label=W5500_PMODE2
PB7.Locked=true
PB7.Signal=GPIO_Output
PC10.Mode=Asynchronous
PC10.Signal=UART4_TX
PC11.Mode=Asynchronous
PC11.Signal=UART4_RX
PC9.GPIOParameters=GPIO_Label
PC9.GPIO_Label=W5500_RST
PC9.Locked=true
PC9.Signal=GPIO_Output
PD10.GPIOParameters=GPIO_Label
PD10.GPIO_Label=Relay3
PD10.Locked=true
PD10.Signal=GPIO_Output
PD11.GPIOParameters=GPIO_Label
PD11.GPIO_Label=Relay4
PD11.Locked=true
PD11.Signal=GPIO_Output
PD12.GPIOParameters=GPIO_Label
PD12.GPIO_Label=Relay5
PD12.Locked=true
PD12.Signal=GPIO_Output
PD13.GPIOParameters=GPIO_Label
PD13.GPIO_Label=Relay6
PD13.Locked=true
PD13.Signal=GPIO_Output
PD14.GPIOParameters=GPIO_Label
PD14.GPIO_Label=Relay7
PD14.Locked=true
PD14.Signal=GPIO_Output
PD15.GPIOParameters=GPIO_Label
PD15.GPIO_Label=Relay8
PD15.Locked=true
PD15.Signal=GPIO_Output
PD5.Mode=Asynchronous
PD5.Signal=USART2_TX
PD6.Mode=Asynchronous
PD6.Signal=USART2_RX
PD8.GPIOParameters=GPIO_Label
PD8.GPIO_Label=Relay1
PD8.Locked=true
PD8.Signal=GPIO_Output
PD9.GPIOParameters=GPIO_Label
PD9.GPIO_Label=Relay2
PD9.Locked=true
PD9.Signal=GPIO_Output
PinOutPanel.RotationAngle=0
ProjectManager.AskForMigrate=true
ProjectManager.BackupPrevious=false
ProjectManager.CompilerOptimize=6
ProjectManager.ComputerToolchain=false
ProjectManager.CoupleFile=true
ProjectManager.CustomerFirmwarePackage=
ProjectManager.DefaultFWLocation=true
ProjectManager.DeletePrevious=true
ProjectManager.DeviceId=STM32F103VCTx
ProjectManager.FirmwarePackage=STM32Cube FW_F1 V1.8.6
ProjectManager.FreePins=false
ProjectManager.HalAssertFull=false
ProjectManager.HeapSize=0x200
ProjectManager.KeepUserCode=true
ProjectManager.LastFirmware=true
ProjectManager.LibraryCopy=1
ProjectManager.MainLocation=Core/Src
ProjectManager.NoMain=false
ProjectManager.PreviousToolchain=
ProjectManager.ProjectBuild=false
ProjectManager.ProjectFileName=NetworkController_beta.ioc
ProjectManager.ProjectName=NetworkController_beta
ProjectManager.ProjectStructure=
ProjectManager.RegisterCallBack=
ProjectManager.StackSize=0x400
ProjectManager.TargetToolchain=Makefile
ProjectManager.ToolChainLocation=
ProjectManager.UAScriptAfterPath=
ProjectManager.UAScriptBeforePath=
ProjectManager.UnderRoot=false
ProjectManager.functionlistsort=1-SystemClock_Config-RCC-false-HAL-false,2-MX_GPIO_Init-GPIO-false-HAL-true,3-MX_USART1_UART_Init-USART1-false-HAL-true,4-MX_TIM2_Init-TIM2-false-HAL-true,5-MX_ADC1_Init-ADC1-false-HAL-true,6-MX_SPI2_Init-SPI2-false-HAL-true,7-MX_TIM3_Init-TIM3-false-HAL-true,8-MX_UART4_Init-UART4-false-HAL-true,9-MX_USART2_UART_Init-USART2-false-HAL-true,10-MX_USART3_UART_Init-USART3-false-HAL-true
RCC.ADCFreqValue=12000000
RCC.ADCPresc=RCC_ADCPCLK2_DIV6
RCC.AHBFreq_Value=72000000
RCC.APB1CLKDivider=RCC_HCLK_DIV2
RCC.APB1Freq_Value=36000000
RCC.APB1TimFreq_Value=72000000
RCC.APB2Freq_Value=72000000
RCC.APB2TimFreq_Value=72000000
RCC.FCLKCortexFreq_Value=72000000
RCC.FSMCFreq_Value=72000000
RCC.FamilyName=M
RCC.HCLKFreq_Value=72000000
RCC.I2S2Freq_Value=72000000
RCC.I2S3Freq_Value=72000000
RCC.IPParameters=ADCFreqValue,ADCPresc,AHBFreq_Value,APB1CLKDivider,APB1Freq_Value,APB1TimFreq_Value,APB2Freq_Value,APB2TimFreq_Value,FCLKCortexFreq_Value,FSMCFreq_Value,FamilyName,HCLKFreq_Value,I2S2Freq_Value,I2S3Freq_Value,MCOFreq_Value,PLLCLKFreq_Value,PLLMCOFreq_Value,PLLMUL,PLLSourceVirtual,SDIOFreq_Value,SDIOHCLKDiv2FreqValue,SYSCLKFreq_VALUE,SYSCLKSource,TimSysFreq_Value,USBFreq_Value,VCOOutput2Freq_Value
RCC.MCOFreq_Value=72000000
RCC.PLLCLKFreq_Value=72000000
RCC.PLLMCOFreq_Value=36000000
RCC.PLLMUL=RCC_PLL_MUL9
RCC.PLLSourceVirtual=RCC_PLLSOURCE_HSE
RCC.SDIOFreq_Value=72000000
RCC.SDIOHCLKDiv2FreqValue=36000000
RCC.SYSCLKFreq_VALUE=72000000
RCC.SYSCLKSource=RCC_SYSCLKSOURCE_PLLCLK
RCC.TimSysFreq_Value=72000000
RCC.USBFreq_Value=72000000
RCC.VCOOutput2Freq_Value=8000000
SH.ADCx_IN0.0=ADC1_IN0,IN0
SH.ADCx_IN0.ConfNb=1
SH.ADCx_IN1.0=ADC1_IN1,IN1
SH.ADCx_IN1.ConfNb=1
SH.ADCx_IN2.0=ADC1_IN2,IN2
SH.ADCx_IN2.ConfNb=1
SH.ADCx_IN3.0=ADC1_IN3,IN3
SH.ADCx_IN3.ConfNb=1
SH.ADCx_IN4.0=ADC1_IN4,IN4
SH.ADCx_IN4.ConfNb=1
SH.ADCx_IN5.0=ADC1_IN5,IN5
SH.ADCx_IN5.ConfNb=1
SH.ADCx_IN6.0=ADC1_IN6,IN6
SH.ADCx_IN6.ConfNb=1
SH.ADCx_IN7.0=ADC1_IN7,IN7
SH.ADCx_IN7.ConfNb=1
SPI2.CalculateBaudRate=18.0 MBits/s
SPI2.Direction=SPI_DIRECTION_2LINES
SPI2.IPParameters=VirtualType,Mode,Direction,CalculateBaudRate
SPI2.Mode=SPI_MODE_MASTER
SPI2.VirtualType=VM_MASTER
TIM2.AutoReloadPreload=TIM_AUTORELOAD_PRELOAD_DISABLE
TIM2.IPParameters=Prescaler,Period,AutoReloadPreload
TIM2.Period=100-1
TIM2.Prescaler=7200-1
TIM3.IPParameters=Prescaler,Period
TIM3.Period=1000-1
TIM3.Prescaler=7200-1
UART4.IPParameters=VirtualMode
UART4.VirtualMode=Asynchronous
USART1.IPParameters=VirtualMode
USART1.VirtualMode=VM_ASYNC
USART2.IPParameters=VirtualMode
USART2.VirtualMode=VM_ASYNC
USART3.IPParameters=VirtualMode
USART3.VirtualMode=VM_ASYNC
VP_SYS_VS_Systick.Mode=SysTick
VP_SYS_VS_Systick.Signal=SYS_VS_Systick
VP_TIM2_VS_ClockSourceINT.Mode=Internal
VP_TIM2_VS_ClockSourceINT.Signal=TIM2_VS_ClockSourceINT
VP_TIM3_VS_ClockSourceINT.Mode=Internal
VP_TIM3_VS_ClockSourceINT.Signal=TIM3_VS_ClockSourceINT
board=custom
